
Microsoft Visual Studio Solution File, Format Version 12.00
# Visual Studio Version 17
VisualStudioVersion = 17.12.35521.163
MinimumVisualStudioVersion = 10.0.40219.1
Project("{FAE04EC0-301F-11D3-BF4B-00C04F79EFBC}") = "Day01", "Day01\Day01.csproj", "{D25D3F1D-AD5B-4738-A3D5-0F560A367270}"
EndProject
Project("{FAE04EC0-301F-11D3-BF4B-00C04F79EFBC}") = "Day02", "Day02\Day02.csproj", "{56345E7F-1879-496B-ADCD-D7638702A006}"
EndProject
Project("{FAE04EC0-301F-11D3-BF4B-00C04F79EFBC}") = "Day03", "Day03\Day03.csproj", "{8CFF34E0-1A5C-4D9C-8128-0DBAE6EF90B6}"
EndProject
Project("{FAE04EC0-301F-11D3-BF4B-00C04F79EFBC}") = "Day04", "Day04\Day04.csproj", "{6EEA508E-D08B-49D9-8ABD-6E07961FE385}"
EndProject
Project("{FAE04EC0-301F-11D3-BF4B-00C04F79EFBC}") = "Day05", "Day05\Day05.csproj", "{84E3DEFA-D0DB-4BA4-B932-D92FCFF55363}"
EndProject
Project("{FAE04EC0-301F-11D3-BF4B-00C04F79EFBC}") = "Day06", "Day06\Day06.csproj", "{85CD1BD1-B912-4002-BC55-56CFB2CF257A}"
EndProject
Project("{FAE04EC0-301F-11D3-BF4B-00C04F79EFBC}") = "Day07", "Day07\Day07.csproj", "{91D4F09F-E55C-4395-B1B8-02F216451450}"
EndProject
Project("{FAE04EC0-301F-11D3-BF4B-00C04F79EFBC}") = "Day08", "Day08\Day08.csproj", "{7071E337-E43C-43FD-AA25-FF233711175D}"
EndProject
Project("{FAE04EC0-301F-11D3-BF4B-00C04F79EFBC}") = "Day09", "Day09\Day09.csproj", "{D1C6C2EA-F87C-4B79-B889-B53A2E3E747A}"
EndProject
Project("{FAE04EC0-301F-11D3-BF4B-00C04F79EFBC}") = "Day10", "Day10\Day10.csproj", "{2B59B9D6-A091-4E67-94EF-9932A9BA00E0}"
EndProject
Project("{FAE04EC0-301F-11D3-BF4B-00C04F79EFBC}") = "Day11", "Day11\Day11.csproj", "{E8444800-5E8A-4C1C-B287-235EAEECE581}"
EndProject
Project("{FAE04EC0-301F-11D3-BF4B-00C04F79EFBC}") = "Day12", "Day12\Day12.csproj", "{F542134C-CE48-43F4-8CE2-7A1E7F482AD3}"
EndProject
Project("{FAE04EC0-301F-11D3-BF4B-00C04F79EFBC}") = "Day13", "Day13\Day13.csproj", "{5B8B7059-A058-45CF-9DC0-767581A3AD7C}"
EndProject
Project("{FAE04EC0-301F-11D3-BF4B-00C04F79EFBC}") = "Day14", "Day14\Day14.csproj", "{DB2682F6-B300-4666-B9B5-805D14E03E86}"
EndProject
Project("{FAE04EC0-301F-11D3-BF4B-00C04F79EFBC}") = "Day15", "Day15\Day15.csproj", "{1962B77A-CF7C-4CE2-A39C-F7320BBCCBC4}"
EndProject
Project("{FAE04EC0-301F-11D3-BF4B-00C04F79EFBC}") = "Day17", "Day17\Day17.csproj", "{4F193E6A-3825-455D-A659-0C9C1B14A507}"
EndProject
Project("{FAE04EC0-301F-11D3-BF4B-00C04F79EFBC}") = "Day18", "Day18\Day18.csproj", "{7591D21A-74C6-4A6B-81AA-DDEB93987EA6}"
EndProject
Project("{FAE04EC0-301F-11D3-BF4B-00C04F79EFBC}") = "Day19", "Day19\Day19.csproj", "{BDCD9D81-1AAE-48ED-B7C2-8A85E739C543}"
EndProject
Project("{FAE04EC0-301F-11D3-BF4B-00C04F79EFBC}") = "Day20", "Day20\Day20.csproj", "{DF377725-2054-436B-9271-84483B3E9182}"
EndProject
Project("{FAE04EC0-301F-11D3-BF4B-00C04F79EFBC}") = "Day21", "Day21\Day21.csproj", "{AD53B072-53A7-4CF6-BE1A-D91FA3AF4588}"
EndProject
Project("{FAE04EC0-301F-11D3-BF4B-00C04F79EFBC}") = "Day25", "Day25\Day25.csproj", "{E656FF2B-C02E-49AC-ADFB-489AD09504C6}"
EndProject
Global
	GlobalSection(SolutionConfigurationPlatforms) = preSolution
		Debug|Any CPU = Debug|Any CPU
		Release|Any CPU = Release|Any CPU
	EndGlobalSection
	GlobalSection(ProjectConfigurationPlatforms) = postSolution
		{D25D3F1D-AD5B-4738-A3D5-0F560A367270}.Debug|Any CPU.ActiveCfg = Debug|Any CPU
		{D25D3F1D-AD5B-4738-A3D5-0F560A367270}.Debug|Any CPU.Build.0 = Debug|Any CPU
		{D25D3F1D-AD5B-4738-A3D5-0F560A367270}.Release|Any CPU.ActiveCfg = Release|Any CPU
		{D25D3F1D-AD5B-4738-A3D5-0F560A367270}.Release|Any CPU.Build.0 = Release|Any CPU
		{56345E7F-1879-496B-ADCD-D7638702A006}.Debug|Any CPU.ActiveCfg = Debug|Any CPU
		{56345E7F-1879-496B-ADCD-D7638702A006}.Debug|Any CPU.Build.0 = Debug|Any CPU
		{56345E7F-1879-496B-ADCD-D7638702A006}.Release|Any CPU.ActiveCfg = Release|Any CPU
		{56345E7F-1879-496B-ADCD-D7638702A006}.Release|Any CPU.Build.0 = Release|Any CPU
		{8CFF34E0-1A5C-4D9C-8128-0DBAE6EF90B6}.Debug|Any CPU.ActiveCfg = Debug|Any CPU
		{8CFF34E0-1A5C-4D9C-8128-0DBAE6EF90B6}.Debug|Any CPU.Build.0 = Debug|Any CPU
		{8CFF34E0-1A5C-4D9C-8128-0DBAE6EF90B6}.Release|Any CPU.ActiveCfg = Release|Any CPU
		{8CFF34E0-1A5C-4D9C-8128-0DBAE6EF90B6}.Release|Any CPU.Build.0 = Release|Any CPU
		{6EEA508E-D08B-49D9-8ABD-6E07961FE385}.Debug|Any CPU.ActiveCfg = Debug|Any CPU
		{6EEA508E-D08B-49D9-8ABD-6E07961FE385}.Debug|Any CPU.Build.0 = Debug|Any CPU
		{6EEA508E-D08B-49D9-8ABD-6E07961FE385}.Release|Any CPU.ActiveCfg = Release|Any CPU
		{6EEA508E-D08B-49D9-8ABD-6E07961FE385}.Release|Any CPU.Build.0 = Release|Any CPU
		{84E3DEFA-D0DB-4BA4-B932-D92FCFF55363}.Debug|Any CPU.ActiveCfg = Debug|Any CPU
		{84E3DEFA-D0DB-4BA4-B932-D92FCFF55363}.Debug|Any CPU.Build.0 = Debug|Any CPU
		{84E3DEFA-D0DB-4BA4-B932-D92FCFF55363}.Release|Any CPU.ActiveCfg = Release|Any CPU
		{84E3DEFA-D0DB-4BA4-B932-D92FCFF55363}.Release|Any CPU.Build.0 = Release|Any CPU
		{85CD1BD1-B912-4002-BC55-56CFB2CF257A}.Debug|Any CPU.ActiveCfg = Debug|Any CPU
		{85CD1BD1-B912-4002-BC55-56CFB2CF257A}.Debug|Any CPU.Build.0 = Debug|Any CPU
		{85CD1BD1-B912-4002-BC55-56CFB2CF257A}.Release|Any CPU.ActiveCfg = Release|Any CPU
		{85CD1BD1-B912-4002-BC55-56CFB2CF257A}.Release|Any CPU.Build.0 = Release|Any CPU
		{91D4F09F-E55C-4395-B1B8-02F216451450}.Debug|Any CPU.ActiveCfg = Debug|Any CPU
		{91D4F09F-E55C-4395-B1B8-02F216451450}.Debug|Any CPU.Build.0 = Debug|Any CPU
		{91D4F09F-E55C-4395-B1B8-02F216451450}.Release|Any CPU.ActiveCfg = Release|Any CPU
		{91D4F09F-E55C-4395-B1B8-02F216451450}.Release|Any CPU.Build.0 = Release|Any CPU
		{7071E337-E43C-43FD-AA25-FF233711175D}.Debug|Any CPU.ActiveCfg = Debug|Any CPU
		{7071E337-E43C-43FD-AA25-FF233711175D}.Debug|Any CPU.Build.0 = Debug|Any CPU
		{7071E337-E43C-43FD-AA25-FF233711175D}.Release|Any CPU.ActiveCfg = Release|Any CPU
		{7071E337-E43C-43FD-AA25-FF233711175D}.Release|Any CPU.Build.0 = Release|Any CPU
		{D1C6C2EA-F87C-4B79-B889-B53A2E3E747A}.Debug|Any CPU.ActiveCfg = Debug|Any CPU
		{D1C6C2EA-F87C-4B79-B889-B53A2E3E747A}.Debug|Any CPU.Build.0 = Debug|Any CPU
		{D1C6C2EA-F87C-4B79-B889-B53A2E3E747A}.Release|Any CPU.ActiveCfg = Release|Any CPU
		{D1C6C2EA-F87C-4B79-B889-B53A2E3E747A}.Release|Any CPU.Build.0 = Release|Any CPU
		{2B59B9D6-A091-4E67-94EF-9932A9BA00E0}.Debug|Any CPU.ActiveCfg = Debug|Any CPU
		{2B59B9D6-A091-4E67-94EF-9932A9BA00E0}.Debug|Any CPU.Build.0 = Debug|Any CPU
		{2B59B9D6-A091-4E67-94EF-9932A9BA00E0}.Release|Any CPU.ActiveCfg = Release|Any CPU
		{2B59B9D6-A091-4E67-94EF-9932A9BA00E0}.Release|Any CPU.Build.0 = Release|Any CPU
		{E8444800-5E8A-4C1C-B287-235EAEECE581}.Debug|Any CPU.ActiveCfg = Debug|Any CPU
		{E8444800-5E8A-4C1C-B287-235EAEECE581}.Debug|Any CPU.Build.0 = Debug|Any CPU
		{E8444800-5E8A-4C1C-B287-235EAEECE581}.Release|Any CPU.ActiveCfg = Release|Any CPU
		{E8444800-5E8A-4C1C-B287-235EAEECE581}.Release|Any CPU.Build.0 = Release|Any CPU
		{F542134C-CE48-43F4-8CE2-7A1E7F482AD3}.Debug|Any CPU.ActiveCfg = Debug|Any CPU
		{F542134C-CE48-43F4-8CE2-7A1E7F482AD3}.Debug|Any CPU.Build.0 = Debug|Any CPU
		{F542134C-CE48-43F4-8CE2-7A1E7F482AD3}.Release|Any CPU.ActiveCfg = Release|Any CPU
		{F542134C-CE48-43F4-8CE2-7A1E7F482AD3}.Release|Any CPU.Build.0 = Release|Any CPU
		{5B8B7059-A058-45CF-9DC0-767581A3AD7C}.Debug|Any CPU.ActiveCfg = Debug|Any CPU
		{5B8B7059-A058-45CF-9DC0-767581A3AD7C}.Debug|Any CPU.Build.0 = Debug|Any CPU
		{5B8B7059-A058-45CF-9DC0-767581A3AD7C}.Release|Any CPU.ActiveCfg = Release|Any CPU
		{5B8B7059-A058-45CF-9DC0-767581A3AD7C}.Release|Any CPU.Build.0 = Release|Any CPU
		{DB2682F6-B300-4666-B9B5-805D14E03E86}.Debug|Any CPU.ActiveCfg = Debug|Any CPU
		{DB2682F6-B300-4666-B9B5-805D14E03E86}.Debug|Any CPU.Build.0 = Debug|Any CPU
		{DB2682F6-B300-4666-B9B5-805D14E03E86}.Release|Any CPU.ActiveCfg = Release|Any CPU
		{DB2682F6-B300-4666-B9B5-805D14E03E86}.Release|Any CPU.Build.0 = Release|Any CPU
		{1962B77A-CF7C-4CE2-A39C-F7320BBCCBC4}.Debug|Any CPU.ActiveCfg = Debug|Any CPU
		{1962B77A-CF7C-4CE2-A39C-F7320BBCCBC4}.Debug|Any CPU.Build.0 = Debug|Any CPU
		{1962B77A-CF7C-4CE2-A39C-F7320BBCCBC4}.Release|Any CPU.ActiveCfg = Release|Any CPU
		{1962B77A-CF7C-4CE2-A39C-F7320BBCCBC4}.Release|Any CPU.Build.0 = Release|Any CPU
		{4F193E6A-3825-455D-A659-0C9C1B14A507}.Debug|Any CPU.ActiveCfg = Debug|Any CPU
		{4F193E6A-3825-455D-A659-0C9C1B14A507}.Debug|Any CPU.Build.0 = Debug|Any CPU
		{4F193E6A-3825-455D-A659-0C9C1B14A507}.Release|Any CPU.ActiveCfg = Release|Any CPU
		{4F193E6A-3825-455D-A659-0C9C1B14A507}.Release|Any CPU.Build.0 = Release|Any CPU
		{7591D21A-74C6-4A6B-81AA-DDEB93987EA6}.Debug|Any CPU.ActiveCfg = Debug|Any CPU
		{7591D21A-74C6-4A6B-81AA-DDEB93987EA6}.Debug|Any CPU.Build.0 = Debug|Any CPU
		{7591D21A-74C6-4A6B-81AA-DDEB93987EA6}.Release|Any CPU.ActiveCfg = Release|Any CPU
		{7591D21A-74C6-4A6B-81AA-DDEB93987EA6}.Release|Any CPU.Build.0 = Release|Any CPU
		{BDCD9D81-1AAE-48ED-B7C2-8A85E739C543}.Debug|Any CPU.ActiveCfg = Debug|Any CPU
		{BDCD9D81-1AAE-48ED-B7C2-8A85E739C543}.Debug|Any CPU.Build.0 = Debug|Any CPU
		{BDCD9D81-1AAE-48ED-B7C2-8A85E739C543}.Release|Any CPU.ActiveCfg = Release|Any CPU
		{BDCD9D81-1AAE-48ED-B7C2-8A85E739C543}.Release|Any CPU.Build.0 = Release|Any CPU
		{DF377725-2054-436B-9271-84483B3E9182}.Debug|Any CPU.ActiveCfg = Debug|Any CPU
		{DF377725-2054-436B-9271-84483B3E9182}.Debug|Any CPU.Build.0 = Debug|Any CPU
		{DF377725-2054-436B-9271-84483B3E9182}.Release|Any CPU.ActiveCfg = Release|Any CPU
		{DF377725-2054-436B-9271-84483B3E9182}.Release|Any CPU.Build.0 = Release|Any CPU
		{AD53B072-53A7-4CF6-BE1A-D91FA3AF4588}.Debug|Any CPU.ActiveCfg = Debug|Any CPU
		{AD53B072-53A7-4CF6-BE1A-D91FA3AF4588}.Debug|Any CPU.Build.0 = Debug|Any CPU
		{AD53B072-53A7-4CF6-BE1A-D91FA3AF4588}.Release|Any CPU.ActiveCfg = Release|Any CPU
		{AD53B072-53A7-4CF6-BE1A-D91FA3AF4588}.Release|Any CPU.Build.0 = Release|Any CPU
		{E656FF2B-C02E-49AC-ADFB-489AD09504C6}.Debug|Any CPU.ActiveCfg = Debug|Any CPU
		{E656FF2B-C02E-49AC-ADFB-489AD09504C6}.Debug|Any CPU.Build.0 = Debug|Any CPU
		{E656FF2B-C02E-49AC-ADFB-489AD09504C6}.Release|Any CPU.ActiveCfg = Release|Any CPU
		{E656FF2B-C02E-49AC-ADFB-489AD09504C6}.Release|Any CPU.Build.0 = Release|Any CPU
	EndGlobalSection
	GlobalSection(SolutionProperties) = preSolution
		HideSolutionNode = FALSE
	EndGlobalSection
EndGlobal
